
Microsoft Visual Studio Solution File, Format Version 12.00
# Visual Studio Version 17
VisualStudioVersion = 17.5.002.0
MinimumVisualStudioVersion = 10.0.40219.1
Project("{9A19103F-16F7-4668-BE54-9A1E7A4F7556}") = "Dag 3.3 - Challenge project - Develop branching and looping structures in C#", "Dag 3.3 - Challenge project - Develop branching and looping structures in C#.csproj", "{3E440065-26DD-4DDA-BD65-CA4B9A1F8473}"
EndProject
Global
	GlobalSection(SolutionConfigurationPlatforms) = preSolution
		Debug|Any CPU = Debug|Any CPU
		Release|Any CPU = Release|Any CPU
	EndGlobalSection
	GlobalSection(ProjectConfigurationPlatforms) = postSolution
		{3E440065-26DD-4DDA-BD65-CA4B9A1F8473}.Debug|Any CPU.ActiveCfg = Debug|Any CPU
		{3E440065-26DD-4DDA-BD65-CA4B9A1F8473}.Debug|Any CPU.Build.0 = Debug|Any CPU
		{3E440065-26DD-4DDA-BD65-CA4B9A1F8473}.Release|Any CPU.ActiveCfg = Release|Any CPU
		{3E440065-26DD-4DDA-BD65-CA4B9A1F8473}.Release|Any CPU.Build.0 = Release|Any CPU
	EndGlobalSection
	GlobalSection(SolutionProperties) = preSolution
		HideSolutionNode = FALSE
	EndGlobalSection
	GlobalSection(ExtensibilityGlobals) = postSolution
		SolutionGuid = {6126ABEB-7B6F-4C95-8D6D-B9AF24B6E284}
	EndGlobalSection
EndGlobal
